
Microsoft Visual Studio Solution File, Format Version 12.00
# Visual Studio 14
VisualStudioVersion = 14.0.25420.1
MinimumVisualStudioVersion = 10.0.40219.1
Project("{2150E333-8FDC-42A3-9474-1A3956D46DE8}") = "data-structure", "data-structure", "{8B48B1F9-85EE-4080-A891-2B3DEA5A6DC5}"
EndProject
Project("{8BC9CEB8-8B4A-11D0-8D11-00A0C91BC942}") = "List", "data-structure\List\List.vcxproj", "{5C84A9AB-51EF-4636-BF8B-A940B1D26198}"
EndProject
Project("{8BC9CEB8-8B4A-11D0-8D11-00A0C91BC942}") = "ListSingle", "data-structure\ListSingle\ListSingle.vcxproj", "{793BB2EB-0594-491B-9D2E-D2C0FC5B206F}"
EndProject
Project("{8BC9CEB8-8B4A-11D0-8D11-00A0C91BC942}") = "LoopQueue", "data-structure\LoopQueue\LoopQueue.vcxproj", "{0C02BCDA-F656-43C9-A0D5-59637429C819}"
EndProject
Project("{8BC9CEB8-8B4A-11D0-8D11-00A0C91BC942}") = "SingleList", "data-structure\SingleList\SingleList.vcxproj", "{70811C28-A3D4-4DFF-92B1-229DB4F0E8D6}"
EndProject
Project("{8BC9CEB8-8B4A-11D0-8D11-00A0C91BC942}") = "SingleListTemplate", "data-structure\SingleListTemplate\SingleListTemplate.vcxproj", "{1C7B6AF2-8B61-4E33-9947-261463716F8B}"
EndProject
Project("{8BC9CEB8-8B4A-11D0-8D11-00A0C91BC942}") = "Stack", "data-structure\Stack\Stack.vcxproj", "{747CFD47-E329-47B0-989E-1D8766822965}"
EndProject
Project("{8BC9CEB8-8B4A-11D0-8D11-00A0C91BC942}") = "TreeArray", "data-structure\TreeArray\TreeArray.vcxproj", "{A71AED22-DA17-4E32-B793-961474CDBF1D}"
EndProject
Project("{2150E333-8FDC-42A3-9474-1A3956D46DE8}") = "design-patterns", "design-patterns", "{46A1AA10-281A-4E6F-BC87-2E3CFF51CF0C}"
EndProject
Project("{2150E333-8FDC-42A3-9474-1A3956D46DE8}") = "创建型模式", "创建型模式", "{9D7542FF-E2F4-4B52-A544-8DE9FA524F51}"
EndProject
Project("{2150E333-8FDC-42A3-9474-1A3956D46DE8}") = "行为型模式", "行为型模式", "{8AEF082F-F601-47AA-8D51-34F4A3142D2C}"
EndProject
Project("{2150E333-8FDC-42A3-9474-1A3956D46DE8}") = "结构型模式", "结构型模式", "{93743C95-57A1-401C-B21F-2CD2E3261C84}"
EndProject
Project("{8BC9CEB8-8B4A-11D0-8D11-00A0C91BC942}") = "基本原则", "design-patterns\基本原则\基本原则.vcxproj", "{579DDFB7-7C66-401A-A6B3-B2328FDE55EC}"
EndProject
Project("{8BC9CEB8-8B4A-11D0-8D11-00A0C91BC942}") = "抽象工厂", "design-patterns\抽象工厂\抽象工厂.vcxproj", "{4ADE2785-2A3E-40DA-A807-DEA308F2742F}"
EndProject
Project("{8BC9CEB8-8B4A-11D0-8D11-00A0C91BC942}") = "单例模式", "design-patterns\单例模式\单例模式.vcxproj", "{F1CD0AF7-72BC-4AFE-B51A-5EBF80E1DA87}"
EndProject
Project("{8BC9CEB8-8B4A-11D0-8D11-00A0C91BC942}") = "单例模式-懒汉式多线程问题", "design-patterns\单例模式-懒汉式多线程问题\单例模式-懒汉式多线程问题.vcxproj", "{FFAC46F7-58FC-4D8E-80E4-D619445215D4}"
EndProject
Project("{8BC9CEB8-8B4A-11D0-8D11-00A0C91BC942}") = "工厂模式", "design-patterns\工厂模式\工厂模式.vcxproj", "{BEAD40B7-A883-4D3A-A8D7-73C4D1F21872}"
EndProject
Project("{8BC9CEB8-8B4A-11D0-8D11-00A0C91BC942}") = "简单工厂模式", "design-patterns\简单工厂模式\简单工厂模式.vcxproj", "{85B266FE-BE40-4FBF-8E06-640EEF3D823F}"
EndProject
Project("{8BC9CEB8-8B4A-11D0-8D11-00A0C91BC942}") = "建造者模式", "design-patterns\建造者模式\建造者模式.vcxproj", "{0DC7ED70-C077-450D-AD4E-AB76831695D3}"
EndProject
Project("{8BC9CEB8-8B4A-11D0-8D11-00A0C91BC942}") = "原型模式", "design-patterns\原型模式\原型模式.vcxproj", "{F89CCE92-E032-4B10-88F0-63B4D570C72A}"
EndProject
Project("{8BC9CEB8-8B4A-11D0-8D11-00A0C91BC942}") = "备忘录模式", "design-patterns\备忘录模式\备忘录模式.vcxproj", "{EE63A715-40DC-46B8-8916-8A9AAB1C7510}"
EndProject
Project("{8BC9CEB8-8B4A-11D0-8D11-00A0C91BC942}") = "策略模式", "design-patterns\策略模式\策略模式.vcxproj", "{EA68A13E-C3A1-40A6-BAC4-6A5E225BB5F7}"
EndProject
Project("{8BC9CEB8-8B4A-11D0-8D11-00A0C91BC942}") = "访问者模式", "design-patterns\访问者模式\访问者模式.vcxproj", "{60F695CA-24E3-4274-AF51-4D0AA1F31C92}"
EndProject
Project("{8BC9CEB8-8B4A-11D0-8D11-00A0C91BC942}") = "观察者模式", "design-patterns\观察者模式\观察者模式.vcxproj", "{0C368A4D-0D47-4106-B00C-B40F44190951}"
EndProject
Project("{8BC9CEB8-8B4A-11D0-8D11-00A0C91BC942}") = "命令模式", "design-patterns\命令模式\命令模式.vcxproj", "{16543F80-4F7E-4F2C-BDE0-EADB017F546C}"
EndProject
Project("{8BC9CEB8-8B4A-11D0-8D11-00A0C91BC942}") = "模版模式", "design-patterns\模版模式\模版模式.vcxproj", "{C6FD1B2E-E60F-4F6D-86D4-E30B91F70873}"
EndProject
Project("{8BC9CEB8-8B4A-11D0-8D11-00A0C91BC942}") = "责任链模式", "design-patterns\责任链模式\责任链模式.vcxproj", "{35F54813-DCBA-45D5-989E-0B52E01D2D1F}"
EndProject
Project("{8BC9CEB8-8B4A-11D0-8D11-00A0C91BC942}") = "中介者模式", "design-patterns\中介者模式\中介者模式.vcxproj", "{4159B81C-589E-4FD7-B298-9A5F2D98ECF7}"
EndProject
Project("{8BC9CEB8-8B4A-11D0-8D11-00A0C91BC942}") = "状态模式", "design-patterns\状态模式\状态模式.vcxproj", "{51AD6F88-5072-43E2-BCBC-C61C3DD0C25F}"
EndProject
Project("{8BC9CEB8-8B4A-11D0-8D11-00A0C91BC942}") = "代理模式", "design-patterns\代理模式\代理模式.vcxproj", "{8892907D-5079-4511-9CFD-D0FD961A4C47}"
EndProject
Project("{8BC9CEB8-8B4A-11D0-8D11-00A0C91BC942}") = "桥接模式（重要）", "design-patterns\桥接模式（重要）\桥接模式（重要）.vcxproj", "{90B7DCCF-CD47-4821-B8C4-C374909B062C}"
EndProject
Project("{8BC9CEB8-8B4A-11D0-8D11-00A0C91BC942}") = "适配器模式", "design-patterns\适配器模式\适配器模式.vcxproj", "{D054A15A-39AA-4BA7-B93A-E4D2922FF0BA}"
EndProject
Project("{8BC9CEB8-8B4A-11D0-8D11-00A0C91BC942}") = "外观模式", "design-patterns\外观模式\外观模式.vcxproj", "{A0EE8D7B-E913-48D4-ADFE-4244695B8B83}"
EndProject
Project("{8BC9CEB8-8B4A-11D0-8D11-00A0C91BC942}") = "享元模式", "design-patterns\享元模式\享元模式.vcxproj", "{35AED510-AAEA-4AA8-B6F4-9EA5CD905D0E}"
EndProject
Project("{8BC9CEB8-8B4A-11D0-8D11-00A0C91BC942}") = "装饰模式", "design-patterns\装饰模式\装饰模式.vcxproj", "{C4A84488-1A7F-4CC3-BCA1-5F159EC979E5}"
EndProject
Project("{8BC9CEB8-8B4A-11D0-8D11-00A0C91BC942}") = "组合模式", "design-patterns\组合模式\组合模式.vcxproj", "{B104AAB3-D43A-446C-9407-B99DB0355498}"
EndProject
Global
	GlobalSection(SolutionConfigurationPlatforms) = preSolution
		Debug|x64 = Debug|x64
		Debug|x86 = Debug|x86
		Release|x64 = Release|x64
		Release|x86 = Release|x86
	EndGlobalSection
	GlobalSection(ProjectConfigurationPlatforms) = postSolution
		{5C84A9AB-51EF-4636-BF8B-A940B1D26198}.Debug|x64.ActiveCfg = Debug|x64
		{5C84A9AB-51EF-4636-BF8B-A940B1D26198}.Debug|x64.Build.0 = Debug|x64
		{5C84A9AB-51EF-4636-BF8B-A940B1D26198}.Debug|x86.ActiveCfg = Debug|Win32
		{5C84A9AB-51EF-4636-BF8B-A940B1D26198}.Debug|x86.Build.0 = Debug|Win32
		{5C84A9AB-51EF-4636-BF8B-A940B1D26198}.Release|x64.ActiveCfg = Release|x64
		{5C84A9AB-51EF-4636-BF8B-A940B1D26198}.Release|x64.Build.0 = Release|x64
		{5C84A9AB-51EF-4636-BF8B-A940B1D26198}.Release|x86.ActiveCfg = Release|Win32
		{5C84A9AB-51EF-4636-BF8B-A940B1D26198}.Release|x86.Build.0 = Release|Win32
		{793BB2EB-0594-491B-9D2E-D2C0FC5B206F}.Debug|x64.ActiveCfg = Debug|x64
		{793BB2EB-0594-491B-9D2E-D2C0FC5B206F}.Debug|x64.Build.0 = Debug|x64
		{793BB2EB-0594-491B-9D2E-D2C0FC5B206F}.Debug|x86.ActiveCfg = Debug|Win32
		{793BB2EB-0594-491B-9D2E-D2C0FC5B206F}.Debug|x86.Build.0 = Debug|Win32
		{793BB2EB-0594-491B-9D2E-D2C0FC5B206F}.Release|x64.ActiveCfg = Release|x64
		{793BB2EB-0594-491B-9D2E-D2C0FC5B206F}.Release|x64.Build.0 = Release|x64
		{793BB2EB-0594-491B-9D2E-D2C0FC5B206F}.Release|x86.ActiveCfg = Release|Win32
		{793BB2EB-0594-491B-9D2E-D2C0FC5B206F}.Release|x86.Build.0 = Release|Win32
		{0C02BCDA-F656-43C9-A0D5-59637429C819}.Debug|x64.ActiveCfg = Debug|x64
		{0C02BCDA-F656-43C9-A0D5-59637429C819}.Debug|x64.Build.0 = Debug|x64
		{0C02BCDA-F656-43C9-A0D5-59637429C819}.Debug|x86.ActiveCfg = Debug|Win32
		{0C02BCDA-F656-43C9-A0D5-59637429C819}.Debug|x86.Build.0 = Debug|Win32
		{0C02BCDA-F656-43C9-A0D5-59637429C819}.Release|x64.ActiveCfg = Release|x64
		{0C02BCDA-F656-43C9-A0D5-59637429C819}.Release|x64.Build.0 = Release|x64
		{0C02BCDA-F656-43C9-A0D5-59637429C819}.Release|x86.ActiveCfg = Release|Win32
		{0C02BCDA-F656-43C9-A0D5-59637429C819}.Release|x86.Build.0 = Release|Win32
		{70811C28-A3D4-4DFF-92B1-229DB4F0E8D6}.Debug|x64.ActiveCfg = Debug|x64
		{70811C28-A3D4-4DFF-92B1-229DB4F0E8D6}.Debug|x64.Build.0 = Debug|x64
		{70811C28-A3D4-4DFF-92B1-229DB4F0E8D6}.Debug|x86.ActiveCfg = Debug|Win32
		{70811C28-A3D4-4DFF-92B1-229DB4F0E8D6}.Debug|x86.Build.0 = Debug|Win32
		{70811C28-A3D4-4DFF-92B1-229DB4F0E8D6}.Release|x64.ActiveCfg = Release|x64
		{70811C28-A3D4-4DFF-92B1-229DB4F0E8D6}.Release|x64.Build.0 = Release|x64
		{70811C28-A3D4-4DFF-92B1-229DB4F0E8D6}.Release|x86.ActiveCfg = Release|Win32
		{70811C28-A3D4-4DFF-92B1-229DB4F0E8D6}.Release|x86.Build.0 = Release|Win32
		{1C7B6AF2-8B61-4E33-9947-261463716F8B}.Debug|x64.ActiveCfg = Debug|x64
		{1C7B6AF2-8B61-4E33-9947-261463716F8B}.Debug|x64.Build.0 = Debug|x64
		{1C7B6AF2-8B61-4E33-9947-261463716F8B}.Debug|x86.ActiveCfg = Debug|Win32
		{1C7B6AF2-8B61-4E33-9947-261463716F8B}.Debug|x86.Build.0 = Debug|Win32
		{1C7B6AF2-8B61-4E33-9947-261463716F8B}.Release|x64.ActiveCfg = Release|x64
		{1C7B6AF2-8B61-4E33-9947-261463716F8B}.Release|x64.Build.0 = Release|x64
		{1C7B6AF2-8B61-4E33-9947-261463716F8B}.Release|x86.ActiveCfg = Release|Win32
		{1C7B6AF2-8B61-4E33-9947-261463716F8B}.Release|x86.Build.0 = Release|Win32
		{747CFD47-E329-47B0-989E-1D8766822965}.Debug|x64.ActiveCfg = Debug|x64
		{747CFD47-E329-47B0-989E-1D8766822965}.Debug|x64.Build.0 = Debug|x64
		{747CFD47-E329-47B0-989E-1D8766822965}.Debug|x86.ActiveCfg = Debug|Win32
		{747CFD47-E329-47B0-989E-1D8766822965}.Debug|x86.Build.0 = Debug|Win32
		{747CFD47-E329-47B0-989E-1D8766822965}.Release|x64.ActiveCfg = Release|x64
		{747CFD47-E329-47B0-989E-1D8766822965}.Release|x64.Build.0 = Release|x64
		{747CFD47-E329-47B0-989E-1D8766822965}.Release|x86.ActiveCfg = Release|Win32
		{747CFD47-E329-47B0-989E-1D8766822965}.Release|x86.Build.0 = Release|Win32
		{A71AED22-DA17-4E32-B793-961474CDBF1D}.Debug|x64.ActiveCfg = Debug|x64
		{A71AED22-DA17-4E32-B793-961474CDBF1D}.Debug|x64.Build.0 = Debug|x64
		{A71AED22-DA17-4E32-B793-961474CDBF1D}.Debug|x86.ActiveCfg = Debug|Win32
		{A71AED22-DA17-4E32-B793-961474CDBF1D}.Debug|x86.Build.0 = Debug|Win32
		{A71AED22-DA17-4E32-B793-961474CDBF1D}.Release|x64.ActiveCfg = Release|x64
		{A71AED22-DA17-4E32-B793-961474CDBF1D}.Release|x64.Build.0 = Release|x64
		{A71AED22-DA17-4E32-B793-961474CDBF1D}.Release|x86.ActiveCfg = Release|Win32
		{A71AED22-DA17-4E32-B793-961474CDBF1D}.Release|x86.Build.0 = Release|Win32
		{579DDFB7-7C66-401A-A6B3-B2328FDE55EC}.Debug|x64.ActiveCfg = Debug|x64
		{579DDFB7-7C66-401A-A6B3-B2328FDE55EC}.Debug|x64.Build.0 = Debug|x64
		{579DDFB7-7C66-401A-A6B3-B2328FDE55EC}.Debug|x86.ActiveCfg = Debug|Win32
		{579DDFB7-7C66-401A-A6B3-B2328FDE55EC}.Debug|x86.Build.0 = Debug|Win32
		{579DDFB7-7C66-401A-A6B3-B2328FDE55EC}.Release|x64.ActiveCfg = Release|x64
		{579DDFB7-7C66-401A-A6B3-B2328FDE55EC}.Release|x64.Build.0 = Release|x64
		{579DDFB7-7C66-401A-A6B3-B2328FDE55EC}.Release|x86.ActiveCfg = Release|Win32
		{579DDFB7-7C66-401A-A6B3-B2328FDE55EC}.Release|x86.Build.0 = Release|Win32
		{4ADE2785-2A3E-40DA-A807-DEA308F2742F}.Debug|x64.ActiveCfg = Debug|x64
		{4ADE2785-2A3E-40DA-A807-DEA308F2742F}.Debug|x64.Build.0 = Debug|x64
		{4ADE2785-2A3E-40DA-A807-DEA308F2742F}.Debug|x86.ActiveCfg = Debug|Win32
		{4ADE2785-2A3E-40DA-A807-DEA308F2742F}.Debug|x86.Build.0 = Debug|Win32
		{4ADE2785-2A3E-40DA-A807-DEA308F2742F}.Release|x64.ActiveCfg = Release|x64
		{4ADE2785-2A3E-40DA-A807-DEA308F2742F}.Release|x64.Build.0 = Release|x64
		{4ADE2785-2A3E-40DA-A807-DEA308F2742F}.Release|x86.ActiveCfg = Release|Win32
		{4ADE2785-2A3E-40DA-A807-DEA308F2742F}.Release|x86.Build.0 = Release|Win32
		{F1CD0AF7-72BC-4AFE-B51A-5EBF80E1DA87}.Debug|x64.ActiveCfg = Debug|x64
		{F1CD0AF7-72BC-4AFE-B51A-5EBF80E1DA87}.Debug|x64.Build.0 = Debug|x64
		{F1CD0AF7-72BC-4AFE-B51A-5EBF80E1DA87}.Debug|x86.ActiveCfg = Debug|Win32
		{F1CD0AF7-72BC-4AFE-B51A-5EBF80E1DA87}.Debug|x86.Build.0 = Debug|Win32
		{F1CD0AF7-72BC-4AFE-B51A-5EBF80E1DA87}.Release|x64.ActiveCfg = Release|x64
		{F1CD0AF7-72BC-4AFE-B51A-5EBF80E1DA87}.Release|x64.Build.0 = Release|x64
		{F1CD0AF7-72BC-4AFE-B51A-5EBF80E1DA87}.Release|x86.ActiveCfg = Release|Win32
		{F1CD0AF7-72BC-4AFE-B51A-5EBF80E1DA87}.Release|x86.Build.0 = Release|Win32
		{FFAC46F7-58FC-4D8E-80E4-D619445215D4}.Debug|x64.ActiveCfg = Debug|x64
		{FFAC46F7-58FC-4D8E-80E4-D619445215D4}.Debug|x64.Build.0 = Debug|x64
		{FFAC46F7-58FC-4D8E-80E4-D619445215D4}.Debug|x86.ActiveCfg = Debug|Win32
		{FFAC46F7-58FC-4D8E-80E4-D619445215D4}.Debug|x86.Build.0 = Debug|Win32
		{FFAC46F7-58FC-4D8E-80E4-D619445215D4}.Release|x64.ActiveCfg = Release|x64
		{FFAC46F7-58FC-4D8E-80E4-D619445215D4}.Release|x64.Build.0 = Release|x64
		{FFAC46F7-58FC-4D8E-80E4-D619445215D4}.Release|x86.ActiveCfg = Release|Win32
		{FFAC46F7-58FC-4D8E-80E4-D619445215D4}.Release|x86.Build.0 = Release|Win32
		{BEAD40B7-A883-4D3A-A8D7-73C4D1F21872}.Debug|x64.ActiveCfg = Debug|x64
		{BEAD40B7-A883-4D3A-A8D7-73C4D1F21872}.Debug|x64.Build.0 = Debug|x64
		{BEAD40B7-A883-4D3A-A8D7-73C4D1F21872}.Debug|x86.ActiveCfg = Debug|Win32
		{BEAD40B7-A883-4D3A-A8D7-73C4D1F21872}.Debug|x86.Build.0 = Debug|Win32
		{BEAD40B7-A883-4D3A-A8D7-73C4D1F21872}.Release|x64.ActiveCfg = Release|x64
		{BEAD40B7-A883-4D3A-A8D7-73C4D1F21872}.Release|x64.Build.0 = Release|x64
		{BEAD40B7-A883-4D3A-A8D7-73C4D1F21872}.Release|x86.ActiveCfg = Release|Win32
		{BEAD40B7-A883-4D3A-A8D7-73C4D1F21872}.Release|x86.Build.0 = Release|Win32
		{85B266FE-BE40-4FBF-8E06-640EEF3D823F}.Debug|x64.ActiveCfg = Debug|x64
		{85B266FE-BE40-4FBF-8E06-640EEF3D823F}.Debug|x64.Build.0 = Debug|x64
		{85B266FE-BE40-4FBF-8E06-640EEF3D823F}.Debug|x86.ActiveCfg = Debug|Win32
		{85B266FE-BE40-4FBF-8E06-640EEF3D823F}.Debug|x86.Build.0 = Debug|Win32
		{85B266FE-BE40-4FBF-8E06-640EEF3D823F}.Release|x64.ActiveCfg = Release|x64
		{85B266FE-BE40-4FBF-8E06-640EEF3D823F}.Release|x64.Build.0 = Release|x64
		{85B266FE-BE40-4FBF-8E06-640EEF3D823F}.Release|x86.ActiveCfg = Release|Win32
		{85B266FE-BE40-4FBF-8E06-640EEF3D823F}.Release|x86.Build.0 = Release|Win32
		{0DC7ED70-C077-450D-AD4E-AB76831695D3}.Debug|x64.ActiveCfg = Debug|x64
		{0DC7ED70-C077-450D-AD4E-AB76831695D3}.Debug|x64.Build.0 = Debug|x64
		{0DC7ED70-C077-450D-AD4E-AB76831695D3}.Debug|x86.ActiveCfg = Debug|Win32
		{0DC7ED70-C077-450D-AD4E-AB76831695D3}.Debug|x86.Build.0 = Debug|Win32
		{0DC7ED70-C077-450D-AD4E-AB76831695D3}.Release|x64.ActiveCfg = Release|x64
		{0DC7ED70-C077-450D-AD4E-AB76831695D3}.Release|x64.Build.0 = Release|x64
		{0DC7ED70-C077-450D-AD4E-AB76831695D3}.Release|x86.ActiveCfg = Release|Win32
		{0DC7ED70-C077-450D-AD4E-AB76831695D3}.Release|x86.Build.0 = Release|Win32
		{F89CCE92-E032-4B10-88F0-63B4D570C72A}.Debug|x64.ActiveCfg = Debug|x64
		{F89CCE92-E032-4B10-88F0-63B4D570C72A}.Debug|x64.Build.0 = Debug|x64
		{F89CCE92-E032-4B10-88F0-63B4D570C72A}.Debug|x86.ActiveCfg = Debug|Win32
		{F89CCE92-E032-4B10-88F0-63B4D570C72A}.Debug|x86.Build.0 = Debug|Win32
		{F89CCE92-E032-4B10-88F0-63B4D570C72A}.Release|x64.ActiveCfg = Release|x64
		{F89CCE92-E032-4B10-88F0-63B4D570C72A}.Release|x64.Build.0 = Release|x64
		{F89CCE92-E032-4B10-88F0-63B4D570C72A}.Release|x86.ActiveCfg = Release|Win32
		{F89CCE92-E032-4B10-88F0-63B4D570C72A}.Release|x86.Build.0 = Release|Win32
		{EE63A715-40DC-46B8-8916-8A9AAB1C7510}.Debug|x64.ActiveCfg = Debug|x64
		{EE63A715-40DC-46B8-8916-8A9AAB1C7510}.Debug|x64.Build.0 = Debug|x64
		{EE63A715-40DC-46B8-8916-8A9AAB1C7510}.Debug|x86.ActiveCfg = Debug|Win32
		{EE63A715-40DC-46B8-8916-8A9AAB1C7510}.Debug|x86.Build.0 = Debug|Win32
		{EE63A715-40DC-46B8-8916-8A9AAB1C7510}.Release|x64.ActiveCfg = Release|x64
		{EE63A715-40DC-46B8-8916-8A9AAB1C7510}.Release|x64.Build.0 = Release|x64
		{EE63A715-40DC-46B8-8916-8A9AAB1C7510}.Release|x86.ActiveCfg = Release|Win32
		{EE63A715-40DC-46B8-8916-8A9AAB1C7510}.Release|x86.Build.0 = Release|Win32
		{EA68A13E-C3A1-40A6-BAC4-6A5E225BB5F7}.Debug|x64.ActiveCfg = Debug|x64
		{EA68A13E-C3A1-40A6-BAC4-6A5E225BB5F7}.Debug|x64.Build.0 = Debug|x64
		{EA68A13E-C3A1-40A6-BAC4-6A5E225BB5F7}.Debug|x86.ActiveCfg = Debug|Win32
		{EA68A13E-C3A1-40A6-BAC4-6A5E225BB5F7}.Debug|x86.Build.0 = Debug|Win32
		{EA68A13E-C3A1-40A6-BAC4-6A5E225BB5F7}.Release|x64.ActiveCfg = Release|x64
		{EA68A13E-C3A1-40A6-BAC4-6A5E225BB5F7}.Release|x64.Build.0 = Release|x64
		{EA68A13E-C3A1-40A6-BAC4-6A5E225BB5F7}.Release|x86.ActiveCfg = Release|Win32
		{EA68A13E-C3A1-40A6-BAC4-6A5E225BB5F7}.Release|x86.Build.0 = Release|Win32
		{60F695CA-24E3-4274-AF51-4D0AA1F31C92}.Debug|x64.ActiveCfg = Debug|x64
		{60F695CA-24E3-4274-AF51-4D0AA1F31C92}.Debug|x64.Build.0 = Debug|x64
		{60F695CA-24E3-4274-AF51-4D0AA1F31C92}.Debug|x86.ActiveCfg = Debug|Win32
		{60F695CA-24E3-4274-AF51-4D0AA1F31C92}.Debug|x86.Build.0 = Debug|Win32
		{60F695CA-24E3-4274-AF51-4D0AA1F31C92}.Release|x64.ActiveCfg = Release|x64
		{60F695CA-24E3-4274-AF51-4D0AA1F31C92}.Release|x64.Build.0 = Release|x64
		{60F695CA-24E3-4274-AF51-4D0AA1F31C92}.Release|x86.ActiveCfg = Release|Win32
		{60F695CA-24E3-4274-AF51-4D0AA1F31C92}.Release|x86.Build.0 = Release|Win32
		{0C368A4D-0D47-4106-B00C-B40F44190951}.Debug|x64.ActiveCfg = Debug|x64
		{0C368A4D-0D47-4106-B00C-B40F44190951}.Debug|x64.Build.0 = Debug|x64
		{0C368A4D-0D47-4106-B00C-B40F44190951}.Debug|x86.ActiveCfg = Debug|Win32
		{0C368A4D-0D47-4106-B00C-B40F44190951}.Debug|x86.Build.0 = Debug|Win32
		{0C368A4D-0D47-4106-B00C-B40F44190951}.Release|x64.ActiveCfg = Release|x64
		{0C368A4D-0D47-4106-B00C-B40F44190951}.Release|x64.Build.0 = Release|x64
		{0C368A4D-0D47-4106-B00C-B40F44190951}.Release|x86.ActiveCfg = Release|Win32
		{0C368A4D-0D47-4106-B00C-B40F44190951}.Release|x86.Build.0 = Release|Win32
		{16543F80-4F7E-4F2C-BDE0-EADB017F546C}.Debug|x64.ActiveCfg = Debug|x64
		{16543F80-4F7E-4F2C-BDE0-EADB017F546C}.Debug|x64.Build.0 = Debug|x64
		{16543F80-4F7E-4F2C-BDE0-EADB017F546C}.Debug|x86.ActiveCfg = Debug|Win32
		{16543F80-4F7E-4F2C-BDE0-EADB017F546C}.Debug|x86.Build.0 = Debug|Win32
		{16543F80-4F7E-4F2C-BDE0-EADB017F546C}.Release|x64.ActiveCfg = Release|x64
		{16543F80-4F7E-4F2C-BDE0-EADB017F546C}.Release|x64.Build.0 = Release|x64
		{16543F80-4F7E-4F2C-BDE0-EADB017F546C}.Release|x86.ActiveCfg = Release|Win32
		{16543F80-4F7E-4F2C-BDE0-EADB017F546C}.Release|x86.Build.0 = Release|Win32
		{C6FD1B2E-E60F-4F6D-86D4-E30B91F70873}.Debug|x64.ActiveCfg = Debug|x64
		{C6FD1B2E-E60F-4F6D-86D4-E30B91F70873}.Debug|x64.Build.0 = Debug|x64
		{C6FD1B2E-E60F-4F6D-86D4-E30B91F70873}.Debug|x86.ActiveCfg = Debug|Win32
		{C6FD1B2E-E60F-4F6D-86D4-E30B91F70873}.Debug|x86.Build.0 = Debug|Win32
		{C6FD1B2E-E60F-4F6D-86D4-E30B91F70873}.Release|x64.ActiveCfg = Release|x64
		{C6FD1B2E-E60F-4F6D-86D4-E30B91F70873}.Release|x64.Build.0 = Release|x64
		{C6FD1B2E-E60F-4F6D-86D4-E30B91F70873}.Release|x86.ActiveCfg = Release|Win32
		{C6FD1B2E-E60F-4F6D-86D4-E30B91F70873}.Release|x86.Build.0 = Release|Win32
		{35F54813-DCBA-45D5-989E-0B52E01D2D1F}.Debug|x64.ActiveCfg = Debug|x64
		{35F54813-DCBA-45D5-989E-0B52E01D2D1F}.Debug|x64.Build.0 = Debug|x64
		{35F54813-DCBA-45D5-989E-0B52E01D2D1F}.Debug|x86.ActiveCfg = Debug|Win32
		{35F54813-DCBA-45D5-989E-0B52E01D2D1F}.Debug|x86.Build.0 = Debug|Win32
		{35F54813-DCBA-45D5-989E-0B52E01D2D1F}.Release|x64.ActiveCfg = Release|x64
		{35F54813-DCBA-45D5-989E-0B52E01D2D1F}.Release|x64.Build.0 = Release|x64
		{35F54813-DCBA-45D5-989E-0B52E01D2D1F}.Release|x86.ActiveCfg = Release|Win32
		{35F54813-DCBA-45D5-989E-0B52E01D2D1F}.Release|x86.Build.0 = Release|Win32
		{4159B81C-589E-4FD7-B298-9A5F2D98ECF7}.Debug|x64.ActiveCfg = Debug|x64
		{4159B81C-589E-4FD7-B298-9A5F2D98ECF7}.Debug|x64.Build.0 = Debug|x64
		{4159B81C-589E-4FD7-B298-9A5F2D98ECF7}.Debug|x86.ActiveCfg = Debug|Win32
		{4159B81C-589E-4FD7-B298-9A5F2D98ECF7}.Debug|x86.Build.0 = Debug|Win32
		{4159B81C-589E-4FD7-B298-9A5F2D98ECF7}.Release|x64.ActiveCfg = Release|x64
		{4159B81C-589E-4FD7-B298-9A5F2D98ECF7}.Release|x64.Build.0 = Release|x64
		{4159B81C-589E-4FD7-B298-9A5F2D98ECF7}.Release|x86.ActiveCfg = Release|Win32
		{4159B81C-589E-4FD7-B298-9A5F2D98ECF7}.Release|x86.Build.0 = Release|Win32
		{51AD6F88-5072-43E2-BCBC-C61C3DD0C25F}.Debug|x64.ActiveCfg = Debug|x64
		{51AD6F88-5072-43E2-BCBC-C61C3DD0C25F}.Debug|x64.Build.0 = Debug|x64
		{51AD6F88-5072-43E2-BCBC-C61C3DD0C25F}.Debug|x86.ActiveCfg = Debug|Win32
		{51AD6F88-5072-43E2-BCBC-C61C3DD0C25F}.Debug|x86.Build.0 = Debug|Win32
		{51AD6F88-5072-43E2-BCBC-C61C3DD0C25F}.Release|x64.ActiveCfg = Release|x64
		{51AD6F88-5072-43E2-BCBC-C61C3DD0C25F}.Release|x64.Build.0 = Release|x64
		{51AD6F88-5072-43E2-BCBC-C61C3DD0C25F}.Release|x86.ActiveCfg = Release|Win32
		{51AD6F88-5072-43E2-BCBC-C61C3DD0C25F}.Release|x86.Build.0 = Release|Win32
		{8892907D-5079-4511-9CFD-D0FD961A4C47}.Debug|x64.ActiveCfg = Debug|x64
		{8892907D-5079-4511-9CFD-D0FD961A4C47}.Debug|x64.Build.0 = Debug|x64
		{8892907D-5079-4511-9CFD-D0FD961A4C47}.Debug|x86.ActiveCfg = Debug|Win32
		{8892907D-5079-4511-9CFD-D0FD961A4C47}.Debug|x86.Build.0 = Debug|Win32
		{8892907D-5079-4511-9CFD-D0FD961A4C47}.Release|x64.ActiveCfg = Release|x64
		{8892907D-5079-4511-9CFD-D0FD961A4C47}.Release|x64.Build.0 = Release|x64
		{8892907D-5079-4511-9CFD-D0FD961A4C47}.Release|x86.ActiveCfg = Release|Win32
		{8892907D-5079-4511-9CFD-D0FD961A4C47}.Release|x86.Build.0 = Release|Win32
		{90B7DCCF-CD47-4821-B8C4-C374909B062C}.Debug|x64.ActiveCfg = Debug|x64
		{90B7DCCF-CD47-4821-B8C4-C374909B062C}.Debug|x64.Build.0 = Debug|x64
		{90B7DCCF-CD47-4821-B8C4-C374909B062C}.Debug|x86.ActiveCfg = Debug|Win32
		{90B7DCCF-CD47-4821-B8C4-C374909B062C}.Debug|x86.Build.0 = Debug|Win32
		{90B7DCCF-CD47-4821-B8C4-C374909B062C}.Release|x64.ActiveCfg = Release|x64
		{90B7DCCF-CD47-4821-B8C4-C374909B062C}.Release|x64.Build.0 = Release|x64
		{90B7DCCF-CD47-4821-B8C4-C374909B062C}.Release|x86.ActiveCfg = Release|Win32
		{90B7DCCF-CD47-4821-B8C4-C374909B062C}.Release|x86.Build.0 = Release|Win32
		{D054A15A-39AA-4BA7-B93A-E4D2922FF0BA}.Debug|x64.ActiveCfg = Debug|x64
		{D054A15A-39AA-4BA7-B93A-E4D2922FF0BA}.Debug|x64.Build.0 = Debug|x64
		{D054A15A-39AA-4BA7-B93A-E4D2922FF0BA}.Debug|x86.ActiveCfg = Debug|Win32
		{D054A15A-39AA-4BA7-B93A-E4D2922FF0BA}.Debug|x86.Build.0 = Debug|Win32
		{D054A15A-39AA-4BA7-B93A-E4D2922FF0BA}.Release|x64.ActiveCfg = Release|x64
		{D054A15A-39AA-4BA7-B93A-E4D2922FF0BA}.Release|x64.Build.0 = Release|x64
		{D054A15A-39AA-4BA7-B93A-E4D2922FF0BA}.Release|x86.ActiveCfg = Release|Win32
		{D054A15A-39AA-4BA7-B93A-E4D2922FF0BA}.Release|x86.Build.0 = Release|Win32
		{A0EE8D7B-E913-48D4-ADFE-4244695B8B83}.Debug|x64.ActiveCfg = Debug|x64
		{A0EE8D7B-E913-48D4-ADFE-4244695B8B83}.Debug|x64.Build.0 = Debug|x64
		{A0EE8D7B-E913-48D4-ADFE-4244695B8B83}.Debug|x86.ActiveCfg = Debug|Win32
		{A0EE8D7B-E913-48D4-ADFE-4244695B8B83}.Debug|x86.Build.0 = Debug|Win32
		{A0EE8D7B-E913-48D4-ADFE-4244695B8B83}.Release|x64.ActiveCfg = Release|x64
		{A0EE8D7B-E913-48D4-ADFE-4244695B8B83}.Release|x64.Build.0 = Release|x64
		{A0EE8D7B-E913-48D4-ADFE-4244695B8B83}.Release|x86.ActiveCfg = Release|Win32
		{A0EE8D7B-E913-48D4-ADFE-4244695B8B83}.Release|x86.Build.0 = Release|Win32
		{35AED510-AAEA-4AA8-B6F4-9EA5CD905D0E}.Debug|x64.ActiveCfg = Debug|x64
		{35AED510-AAEA-4AA8-B6F4-9EA5CD905D0E}.Debug|x64.Build.0 = Debug|x64
		{35AED510-AAEA-4AA8-B6F4-9EA5CD905D0E}.Debug|x86.ActiveCfg = Debug|Win32
		{35AED510-AAEA-4AA8-B6F4-9EA5CD905D0E}.Debug|x86.Build.0 = Debug|Win32
		{35AED510-AAEA-4AA8-B6F4-9EA5CD905D0E}.Release|x64.ActiveCfg = Release|x64
		{35AED510-AAEA-4AA8-B6F4-9EA5CD905D0E}.Release|x64.Build.0 = Release|x64
		{35AED510-AAEA-4AA8-B6F4-9EA5CD905D0E}.Release|x86.ActiveCfg = Release|Win32
		{35AED510-AAEA-4AA8-B6F4-9EA5CD905D0E}.Release|x86.Build.0 = Release|Win32
		{C4A84488-1A7F-4CC3-BCA1-5F159EC979E5}.Debug|x64.ActiveCfg = Debug|x64
		{C4A84488-1A7F-4CC3-BCA1-5F159EC979E5}.Debug|x64.Build.0 = Debug|x64
		{C4A84488-1A7F-4CC3-BCA1-5F159EC979E5}.Debug|x86.ActiveCfg = Debug|Win32
		{C4A84488-1A7F-4CC3-BCA1-5F159EC979E5}.Debug|x86.Build.0 = Debug|Win32
		{C4A84488-1A7F-4CC3-BCA1-5F159EC979E5}.Release|x64.ActiveCfg = Release|x64
		{C4A84488-1A7F-4CC3-BCA1-5F159EC979E5}.Release|x64.Build.0 = Release|x64
		{C4A84488-1A7F-4CC3-BCA1-5F159EC979E5}.Release|x86.ActiveCfg = Release|Win32
		{C4A84488-1A7F-4CC3-BCA1-5F159EC979E5}.Release|x86.Build.0 = Release|Win32
		{B104AAB3-D43A-446C-9407-B99DB0355498}.Debug|x64.ActiveCfg = Debug|x64
		{B104AAB3-D43A-446C-9407-B99DB0355498}.Debug|x64.Build.0 = Debug|x64
		{B104AAB3-D43A-446C-9407-B99DB0355498}.Debug|x86.ActiveCfg = Debug|Win32
		{B104AAB3-D43A-446C-9407-B99DB0355498}.Debug|x86.Build.0 = Debug|Win32
		{B104AAB3-D43A-446C-9407-B99DB0355498}.Release|x64.ActiveCfg = Release|x64
		{B104AAB3-D43A-446C-9407-B99DB0355498}.Release|x64.Build.0 = Release|x64
		{B104AAB3-D43A-446C-9407-B99DB0355498}.Release|x86.ActiveCfg = Release|Win32
		{B104AAB3-D43A-446C-9407-B99DB0355498}.Release|x86.Build.0 = Release|Win32
	EndGlobalSection
	GlobalSection(SolutionProperties) = preSolution
		HideSolutionNode = FALSE
	EndGlobalSection
	GlobalSection(NestedProjects) = preSolution
		{5C84A9AB-51EF-4636-BF8B-A940B1D26198} = {8B48B1F9-85EE-4080-A891-2B3DEA5A6DC5}
		{793BB2EB-0594-491B-9D2E-D2C0FC5B206F} = {8B48B1F9-85EE-4080-A891-2B3DEA5A6DC5}
		{0C02BCDA-F656-43C9-A0D5-59637429C819} = {8B48B1F9-85EE-4080-A891-2B3DEA5A6DC5}
		{70811C28-A3D4-4DFF-92B1-229DB4F0E8D6} = {8B48B1F9-85EE-4080-A891-2B3DEA5A6DC5}
		{1C7B6AF2-8B61-4E33-9947-261463716F8B} = {8B48B1F9-85EE-4080-A891-2B3DEA5A6DC5}
		{747CFD47-E329-47B0-989E-1D8766822965} = {8B48B1F9-85EE-4080-A891-2B3DEA5A6DC5}
		{A71AED22-DA17-4E32-B793-961474CDBF1D} = {8B48B1F9-85EE-4080-A891-2B3DEA5A6DC5}
		{9D7542FF-E2F4-4B52-A544-8DE9FA524F51} = {46A1AA10-281A-4E6F-BC87-2E3CFF51CF0C}
		{8AEF082F-F601-47AA-8D51-34F4A3142D2C} = {46A1AA10-281A-4E6F-BC87-2E3CFF51CF0C}
		{93743C95-57A1-401C-B21F-2CD2E3261C84} = {46A1AA10-281A-4E6F-BC87-2E3CFF51CF0C}
		{579DDFB7-7C66-401A-A6B3-B2328FDE55EC} = {46A1AA10-281A-4E6F-BC87-2E3CFF51CF0C}
		{4ADE2785-2A3E-40DA-A807-DEA308F2742F} = {9D7542FF-E2F4-4B52-A544-8DE9FA524F51}
		{F1CD0AF7-72BC-4AFE-B51A-5EBF80E1DA87} = {9D7542FF-E2F4-4B52-A544-8DE9FA524F51}
		{FFAC46F7-58FC-4D8E-80E4-D619445215D4} = {9D7542FF-E2F4-4B52-A544-8DE9FA524F51}
		{BEAD40B7-A883-4D3A-A8D7-73C4D1F21872} = {9D7542FF-E2F4-4B52-A544-8DE9FA524F51}
		{85B266FE-BE40-4FBF-8E06-640EEF3D823F} = {9D7542FF-E2F4-4B52-A544-8DE9FA524F51}
		{0DC7ED70-C077-450D-AD4E-AB76831695D3} = {9D7542FF-E2F4-4B52-A544-8DE9FA524F51}
		{F89CCE92-E032-4B10-88F0-63B4D570C72A} = {9D7542FF-E2F4-4B52-A544-8DE9FA524F51}
		{EE63A715-40DC-46B8-8916-8A9AAB1C7510} = {8AEF082F-F601-47AA-8D51-34F4A3142D2C}
		{EA68A13E-C3A1-40A6-BAC4-6A5E225BB5F7} = {8AEF082F-F601-47AA-8D51-34F4A3142D2C}
		{60F695CA-24E3-4274-AF51-4D0AA1F31C92} = {8AEF082F-F601-47AA-8D51-34F4A3142D2C}
		{0C368A4D-0D47-4106-B00C-B40F44190951} = {8AEF082F-F601-47AA-8D51-34F4A3142D2C}
		{16543F80-4F7E-4F2C-BDE0-EADB017F546C} = {8AEF082F-F601-47AA-8D51-34F4A3142D2C}
		{C6FD1B2E-E60F-4F6D-86D4-E30B91F70873} = {8AEF082F-F601-47AA-8D51-34F4A3142D2C}
		{35F54813-DCBA-45D5-989E-0B52E01D2D1F} = {8AEF082F-F601-47AA-8D51-34F4A3142D2C}
		{4159B81C-589E-4FD7-B298-9A5F2D98ECF7} = {8AEF082F-F601-47AA-8D51-34F4A3142D2C}
		{51AD6F88-5072-43E2-BCBC-C61C3DD0C25F} = {8AEF082F-F601-47AA-8D51-34F4A3142D2C}
		{8892907D-5079-4511-9CFD-D0FD961A4C47} = {93743C95-57A1-401C-B21F-2CD2E3261C84}
		{90B7DCCF-CD47-4821-B8C4-C374909B062C} = {93743C95-57A1-401C-B21F-2CD2E3261C84}
		{D054A15A-39AA-4BA7-B93A-E4D2922FF0BA} = {93743C95-57A1-401C-B21F-2CD2E3261C84}
		{A0EE8D7B-E913-48D4-ADFE-4244695B8B83} = {93743C95-57A1-401C-B21F-2CD2E3261C84}
		{35AED510-AAEA-4AA8-B6F4-9EA5CD905D0E} = {93743C95-57A1-401C-B21F-2CD2E3261C84}
		{C4A84488-1A7F-4CC3-BCA1-5F159EC979E5} = {93743C95-57A1-401C-B21F-2CD2E3261C84}
		{B104AAB3-D43A-446C-9407-B99DB0355498} = {93743C95-57A1-401C-B21F-2CD2E3261C84}
	EndGlobalSection
EndGlobal
