
Microsoft Visual Studio Solution File, Format Version 12.00
# Visual Studio 14
VisualStudioVersion = 14.0.25420.1
MinimumVisualStudioVersion = 10.0.40219.1
Project("{2150E333-8FDC-42A3-9474-1A3956D46DE8}") = "data-structure", "data-structure", "{8B48B1F9-85EE-4080-A891-2B3DEA5A6DC5}"
EndProject
Project("{8BC9CEB8-8B4A-11D0-8D11-00A0C91BC942}") = "List", "data-structure\List\List.vcxproj", "{5C84A9AB-51EF-4636-BF8B-A940B1D26198}"
EndProject
Project("{8BC9CEB8-8B4A-11D0-8D11-00A0C91BC942}") = "ListSingle", "data-structure\ListSingle\ListSingle.vcxproj", "{793BB2EB-0594-491B-9D2E-D2C0FC5B206F}"
EndProject
Project("{8BC9CEB8-8B4A-11D0-8D11-00A0C91BC942}") = "LoopQueue", "data-structure\LoopQueue\LoopQueue.vcxproj", "{0C02BCDA-F656-43C9-A0D5-59637429C819}"
EndProject
Project("{8BC9CEB8-8B4A-11D0-8D11-00A0C91BC942}") = "SingleList", "data-structure\SingleList\SingleList.vcxproj", "{70811C28-A3D4-4DFF-92B1-229DB4F0E8D6}"
EndProject
Project("{8BC9CEB8-8B4A-11D0-8D11-00A0C91BC942}") = "SingleListTemplate", "data-structure\SingleListTemplate\SingleListTemplate.vcxproj", "{1C7B6AF2-8B61-4E33-9947-261463716F8B}"
EndProject
Project("{8BC9CEB8-8B4A-11D0-8D11-00A0C91BC942}") = "Stack", "data-structure\Stack\Stack.vcxproj", "{747CFD47-E329-47B0-989E-1D8766822965}"
EndProject
Project("{8BC9CEB8-8B4A-11D0-8D11-00A0C91BC942}") = "TreeArray", "data-structure\TreeArray\TreeArray.vcxproj", "{A71AED22-DA17-4E32-B793-961474CDBF1D}"
EndProject
Project("{2150E333-8FDC-42A3-9474-1A3956D46DE8}") = "design-patterns", "design-patterns", "{46A1AA10-281A-4E6F-BC87-2E3CFF51CF0C}"
EndProject
Project("{8BC9CEB8-8B4A-11D0-8D11-00A0C91BC942}") = "抽象工厂", "design-patterns\抽象工厂\抽象工厂.vcxproj", "{4ADE2785-2A3E-40DA-A807-DEA308F2742F}"
EndProject
Project("{8BC9CEB8-8B4A-11D0-8D11-00A0C91BC942}") = "备忘录模式", "design-patterns\备忘录模式\备忘录模式.vcxproj", "{EE63A715-40DC-46B8-8916-8A9AAB1C7510}"
EndProject
Global
	GlobalSection(SolutionConfigurationPlatforms) = preSolution
		Debug|x64 = Debug|x64
		Debug|x86 = Debug|x86
		Release|x64 = Release|x64
		Release|x86 = Release|x86
	EndGlobalSection
	GlobalSection(ProjectConfigurationPlatforms) = postSolution
		{5C84A9AB-51EF-4636-BF8B-A940B1D26198}.Debug|x64.ActiveCfg = Debug|x64
		{5C84A9AB-51EF-4636-BF8B-A940B1D26198}.Debug|x64.Build.0 = Debug|x64
		{5C84A9AB-51EF-4636-BF8B-A940B1D26198}.Debug|x86.ActiveCfg = Debug|Win32
		{5C84A9AB-51EF-4636-BF8B-A940B1D26198}.Debug|x86.Build.0 = Debug|Win32
		{5C84A9AB-51EF-4636-BF8B-A940B1D26198}.Release|x64.ActiveCfg = Release|x64
		{5C84A9AB-51EF-4636-BF8B-A940B1D26198}.Release|x64.Build.0 = Release|x64
		{5C84A9AB-51EF-4636-BF8B-A940B1D26198}.Release|x86.ActiveCfg = Release|Win32
		{5C84A9AB-51EF-4636-BF8B-A940B1D26198}.Release|x86.Build.0 = Release|Win32
		{793BB2EB-0594-491B-9D2E-D2C0FC5B206F}.Debug|x64.ActiveCfg = Debug|x64
		{793BB2EB-0594-491B-9D2E-D2C0FC5B206F}.Debug|x64.Build.0 = Debug|x64
		{793BB2EB-0594-491B-9D2E-D2C0FC5B206F}.Debug|x86.ActiveCfg = Debug|Win32
		{793BB2EB-0594-491B-9D2E-D2C0FC5B206F}.Debug|x86.Build.0 = Debug|Win32
		{793BB2EB-0594-491B-9D2E-D2C0FC5B206F}.Release|x64.ActiveCfg = Release|x64
		{793BB2EB-0594-491B-9D2E-D2C0FC5B206F}.Release|x64.Build.0 = Release|x64
		{793BB2EB-0594-491B-9D2E-D2C0FC5B206F}.Release|x86.ActiveCfg = Release|Win32
		{793BB2EB-0594-491B-9D2E-D2C0FC5B206F}.Release|x86.Build.0 = Release|Win32
		{0C02BCDA-F656-43C9-A0D5-59637429C819}.Debug|x64.ActiveCfg = Debug|x64
		{0C02BCDA-F656-43C9-A0D5-59637429C819}.Debug|x64.Build.0 = Debug|x64
		{0C02BCDA-F656-43C9-A0D5-59637429C819}.Debug|x86.ActiveCfg = Debug|Win32
		{0C02BCDA-F656-43C9-A0D5-59637429C819}.Debug|x86.Build.0 = Debug|Win32
		{0C02BCDA-F656-43C9-A0D5-59637429C819}.Release|x64.ActiveCfg = Release|x64
		{0C02BCDA-F656-43C9-A0D5-59637429C819}.Release|x64.Build.0 = Release|x64
		{0C02BCDA-F656-43C9-A0D5-59637429C819}.Release|x86.ActiveCfg = Release|Win32
		{0C02BCDA-F656-43C9-A0D5-59637429C819}.Release|x86.Build.0 = Release|Win32
		{70811C28-A3D4-4DFF-92B1-229DB4F0E8D6}.Debug|x64.ActiveCfg = Debug|x64
		{70811C28-A3D4-4DFF-92B1-229DB4F0E8D6}.Debug|x64.Build.0 = Debug|x64
		{70811C28-A3D4-4DFF-92B1-229DB4F0E8D6}.Debug|x86.ActiveCfg = Debug|Win32
		{70811C28-A3D4-4DFF-92B1-229DB4F0E8D6}.Debug|x86.Build.0 = Debug|Win32
		{70811C28-A3D4-4DFF-92B1-229DB4F0E8D6}.Release|x64.ActiveCfg = Release|x64
		{70811C28-A3D4-4DFF-92B1-229DB4F0E8D6}.Release|x64.Build.0 = Release|x64
		{70811C28-A3D4-4DFF-92B1-229DB4F0E8D6}.Release|x86.ActiveCfg = Release|Win32
		{70811C28-A3D4-4DFF-92B1-229DB4F0E8D6}.Release|x86.Build.0 = Release|Win32
		{1C7B6AF2-8B61-4E33-9947-261463716F8B}.Debug|x64.ActiveCfg = Debug|x64
		{1C7B6AF2-8B61-4E33-9947-261463716F8B}.Debug|x64.Build.0 = Debug|x64
		{1C7B6AF2-8B61-4E33-9947-261463716F8B}.Debug|x86.ActiveCfg = Debug|Win32
		{1C7B6AF2-8B61-4E33-9947-261463716F8B}.Debug|x86.Build.0 = Debug|Win32
		{1C7B6AF2-8B61-4E33-9947-261463716F8B}.Release|x64.ActiveCfg = Release|x64
		{1C7B6AF2-8B61-4E33-9947-261463716F8B}.Release|x64.Build.0 = Release|x64
		{1C7B6AF2-8B61-4E33-9947-261463716F8B}.Release|x86.ActiveCfg = Release|Win32
		{1C7B6AF2-8B61-4E33-9947-261463716F8B}.Release|x86.Build.0 = Release|Win32
		{747CFD47-E329-47B0-989E-1D8766822965}.Debug|x64.ActiveCfg = Debug|x64
		{747CFD47-E329-47B0-989E-1D8766822965}.Debug|x64.Build.0 = Debug|x64
		{747CFD47-E329-47B0-989E-1D8766822965}.Debug|x86.ActiveCfg = Debug|Win32
		{747CFD47-E329-47B0-989E-1D8766822965}.Debug|x86.Build.0 = Debug|Win32
		{747CFD47-E329-47B0-989E-1D8766822965}.Release|x64.ActiveCfg = Release|x64
		{747CFD47-E329-47B0-989E-1D8766822965}.Release|x64.Build.0 = Release|x64
		{747CFD47-E329-47B0-989E-1D8766822965}.Release|x86.ActiveCfg = Release|Win32
		{747CFD47-E329-47B0-989E-1D8766822965}.Release|x86.Build.0 = Release|Win32
		{A71AED22-DA17-4E32-B793-961474CDBF1D}.Debug|x64.ActiveCfg = Debug|x64
		{A71AED22-DA17-4E32-B793-961474CDBF1D}.Debug|x64.Build.0 = Debug|x64
		{A71AED22-DA17-4E32-B793-961474CDBF1D}.Debug|x86.ActiveCfg = Debug|Win32
		{A71AED22-DA17-4E32-B793-961474CDBF1D}.Debug|x86.Build.0 = Debug|Win32
		{A71AED22-DA17-4E32-B793-961474CDBF1D}.Release|x64.ActiveCfg = Release|x64
		{A71AED22-DA17-4E32-B793-961474CDBF1D}.Release|x64.Build.0 = Release|x64
		{A71AED22-DA17-4E32-B793-961474CDBF1D}.Release|x86.ActiveCfg = Release|Win32
		{A71AED22-DA17-4E32-B793-961474CDBF1D}.Release|x86.Build.0 = Release|Win32
		{4ADE2785-2A3E-40DA-A807-DEA308F2742F}.Debug|x64.ActiveCfg = Debug|x64
		{4ADE2785-2A3E-40DA-A807-DEA308F2742F}.Debug|x64.Build.0 = Debug|x64
		{4ADE2785-2A3E-40DA-A807-DEA308F2742F}.Debug|x86.ActiveCfg = Debug|Win32
		{4ADE2785-2A3E-40DA-A807-DEA308F2742F}.Debug|x86.Build.0 = Debug|Win32
		{4ADE2785-2A3E-40DA-A807-DEA308F2742F}.Release|x64.ActiveCfg = Release|x64
		{4ADE2785-2A3E-40DA-A807-DEA308F2742F}.Release|x64.Build.0 = Release|x64
		{4ADE2785-2A3E-40DA-A807-DEA308F2742F}.Release|x86.ActiveCfg = Release|Win32
		{4ADE2785-2A3E-40DA-A807-DEA308F2742F}.Release|x86.Build.0 = Release|Win32
		{EE63A715-40DC-46B8-8916-8A9AAB1C7510}.Debug|x64.ActiveCfg = Debug|x64
		{EE63A715-40DC-46B8-8916-8A9AAB1C7510}.Debug|x64.Build.0 = Debug|x64
		{EE63A715-40DC-46B8-8916-8A9AAB1C7510}.Debug|x86.ActiveCfg = Debug|Win32
		{EE63A715-40DC-46B8-8916-8A9AAB1C7510}.Debug|x86.Build.0 = Debug|Win32
		{EE63A715-40DC-46B8-8916-8A9AAB1C7510}.Release|x64.ActiveCfg = Release|x64
		{EE63A715-40DC-46B8-8916-8A9AAB1C7510}.Release|x64.Build.0 = Release|x64
		{EE63A715-40DC-46B8-8916-8A9AAB1C7510}.Release|x86.ActiveCfg = Release|Win32
		{EE63A715-40DC-46B8-8916-8A9AAB1C7510}.Release|x86.Build.0 = Release|Win32
	EndGlobalSection
	GlobalSection(SolutionProperties) = preSolution
		HideSolutionNode = FALSE
	EndGlobalSection
	GlobalSection(NestedProjects) = preSolution
		{5C84A9AB-51EF-4636-BF8B-A940B1D26198} = {8B48B1F9-85EE-4080-A891-2B3DEA5A6DC5}
		{793BB2EB-0594-491B-9D2E-D2C0FC5B206F} = {8B48B1F9-85EE-4080-A891-2B3DEA5A6DC5}
		{0C02BCDA-F656-43C9-A0D5-59637429C819} = {8B48B1F9-85EE-4080-A891-2B3DEA5A6DC5}
		{70811C28-A3D4-4DFF-92B1-229DB4F0E8D6} = {8B48B1F9-85EE-4080-A891-2B3DEA5A6DC5}
		{1C7B6AF2-8B61-4E33-9947-261463716F8B} = {8B48B1F9-85EE-4080-A891-2B3DEA5A6DC5}
		{747CFD47-E329-47B0-989E-1D8766822965} = {8B48B1F9-85EE-4080-A891-2B3DEA5A6DC5}
		{A71AED22-DA17-4E32-B793-961474CDBF1D} = {8B48B1F9-85EE-4080-A891-2B3DEA5A6DC5}
		{4ADE2785-2A3E-40DA-A807-DEA308F2742F} = {46A1AA10-281A-4E6F-BC87-2E3CFF51CF0C}
		{EE63A715-40DC-46B8-8916-8A9AAB1C7510} = {46A1AA10-281A-4E6F-BC87-2E3CFF51CF0C}
	EndGlobalSection
EndGlobal
